
Microsoft Visual Studio Solution File, Format Version 12.00
# Visual Studio 2012
Project("{FAE04EC0-301F-11D3-BF4B-00C04F79EFBC}") = "PythonTest01", "PythonTest01\PythonTest01.csproj", "{48A30F36-D60A-4BB6-8E0B-719AE54EDE7F}"
EndProject
Global
	GlobalSection(SolutionConfigurationPlatforms) = preSolution
		Debug|Any CPU = Debug|Any CPU
		Release|Any CPU = Release|Any CPU
	EndGlobalSection
	GlobalSection(ProjectConfigurationPlatforms) = postSolution
		{48A30F36-D60A-4BB6-8E0B-719AE54EDE7F}.Debug|Any CPU.ActiveCfg = Debug|Any CPU
		{48A30F36-D60A-4BB6-8E0B-719AE54EDE7F}.Debug|Any CPU.Build.0 = Debug|Any CPU
		{48A30F36-D60A-4BB6-8E0B-719AE54EDE7F}.Release|Any CPU.ActiveCfg = Release|Any CPU
		{48A30F36-D60A-4BB6-8E0B-719AE54EDE7F}.Release|Any CPU.Build.0 = Release|Any CPU
	EndGlobalSection
	GlobalSection(SolutionProperties) = preSolution
		HideSolutionNode = FALSE
	EndGlobalSection
EndGlobal
